
Microsoft Visual Studio Solution File, Format Version 12.00
# Visual Studio Version 17
VisualStudioVersion = 17.5.33502.453
MinimumVisualStudioVersion = 10.0.40219.1
Project("{FAE04EC0-301F-11D3-BF4B-00C04F79EFBC}") = "RPG", "RPG\RPG.csproj", "{8CF2867A-B444-4C7B-8B0D-FD4E4A4CEDDF}"
EndProject
Global
	GlobalSection(SolutionConfigurationPlatforms) = preSolution
		Debug|Any CPU = Debug|Any CPU
		Release|Any CPU = Release|Any CPU
	EndGlobalSection
	GlobalSection(ProjectConfigurationPlatforms) = postSolution
		{8CF2867A-B444-4C7B-8B0D-FD4E4A4CEDDF}.Debug|Any CPU.ActiveCfg = Debug|Any CPU
		{8CF2867A-B444-4C7B-8B0D-FD4E4A4CEDDF}.Debug|Any CPU.Build.0 = Debug|Any CPU
		{8CF2867A-B444-4C7B-8B0D-FD4E4A4CEDDF}.Release|Any CPU.ActiveCfg = Release|Any CPU
		{8CF2867A-B444-4C7B-8B0D-FD4E4A4CEDDF}.Release|Any CPU.Build.0 = Release|Any CPU
	EndGlobalSection
	GlobalSection(SolutionProperties) = preSolution
		HideSolutionNode = FALSE
	EndGlobalSection
	GlobalSection(ExtensibilityGlobals) = postSolution
		SolutionGuid = {5D19F0BD-C111-4B74-9E4A-CAAD341F2777}
	EndGlobalSection
EndGlobal
